
Microsoft Visual Studio Solution File, Format Version 12.00
# Visual Studio Version 17
VisualStudioVersion = 17.7.34031.279
MinimumVisualStudioVersion = 10.0.40219.1
Project("{FAE04EC0-301F-11D3-BF4B-00C04F79EFBC}") = "Windows_Elevator", "Windows_Elevator\Windows_Elevator.csproj", "{6C614B95-AB3B-446C-84D8-55679AA7B14F}"
EndProject
Global
	GlobalSection(SolutionConfigurationPlatforms) = preSolution
		Debug|Any CPU = Debug|Any CPU
		Release|Any CPU = Release|Any CPU
	EndGlobalSection
	GlobalSection(ProjectConfigurationPlatforms) = postSolution
		{6C614B95-AB3B-446C-84D8-55679AA7B14F}.Debug|Any CPU.ActiveCfg = Debug|Any CPU
		{6C614B95-AB3B-446C-84D8-55679AA7B14F}.Debug|Any CPU.Build.0 = Debug|Any CPU
		{6C614B95-AB3B-446C-84D8-55679AA7B14F}.Release|Any CPU.ActiveCfg = Release|Any CPU
		{6C614B95-AB3B-446C-84D8-55679AA7B14F}.Release|Any CPU.Build.0 = Release|Any CPU
	EndGlobalSection
	GlobalSection(SolutionProperties) = preSolution
		HideSolutionNode = FALSE
	EndGlobalSection
	GlobalSection(ExtensibilityGlobals) = postSolution
		SolutionGuid = {77306AB3-3D6E-498F-9972-FA5226412C8A}
	EndGlobalSection
EndGlobal
